
Microsoft Visual Studio Solution File, Format Version 12.00
# Visual Studio Version 17
VisualStudioVersion = 17.9.34728.123
MinimumVisualStudioVersion = 10.0.40219.1
Project("{FAE04EC0-301F-11D3-BF4B-00C04F79EFBC}") = "FilaNumerosInteiros", "FilaNumerosInteiros\FilaNumerosInteiros.csproj", "{3DC075B2-FBB9-476C-A262-D97EFFF91EEE}"
EndProject
Global
	GlobalSection(SolutionConfigurationPlatforms) = preSolution
		Debug|Any CPU = Debug|Any CPU
		Release|Any CPU = Release|Any CPU
	EndGlobalSection
	GlobalSection(ProjectConfigurationPlatforms) = postSolution
		{3DC075B2-FBB9-476C-A262-D97EFFF91EEE}.Debug|Any CPU.ActiveCfg = Debug|Any CPU
		{3DC075B2-FBB9-476C-A262-D97EFFF91EEE}.Debug|Any CPU.Build.0 = Debug|Any CPU
		{3DC075B2-FBB9-476C-A262-D97EFFF91EEE}.Release|Any CPU.ActiveCfg = Release|Any CPU
		{3DC075B2-FBB9-476C-A262-D97EFFF91EEE}.Release|Any CPU.Build.0 = Release|Any CPU
	EndGlobalSection
	GlobalSection(SolutionProperties) = preSolution
		HideSolutionNode = FALSE
	EndGlobalSection
	GlobalSection(ExtensibilityGlobals) = postSolution
		SolutionGuid = {18707604-2EEE-42D9-947A-8BB323A03A68}
	EndGlobalSection
EndGlobal
